
Microsoft Visual Studio Solution File, Format Version 12.00
# Visual Studio Version 17
VisualStudioVersion = 17.6.33829.357
MinimumVisualStudioVersion = 10.0.40219.1
Project("{FAE04EC0-301F-11D3-BF4B-00C04F79EFBC}") = "ClassWork01.08.23", "ClassWork01.08.23\ClassWork01.08.23.csproj", "{35FDD016-9AD0-47BF-A8E2-DA2D815E4F48}"
EndProject
Global
	GlobalSection(SolutionConfigurationPlatforms) = preSolution
		Debug|Any CPU = Debug|Any CPU
		Release|Any CPU = Release|Any CPU
	EndGlobalSection
	GlobalSection(ProjectConfigurationPlatforms) = postSolution
		{35FDD016-9AD0-47BF-A8E2-DA2D815E4F48}.Debug|Any CPU.ActiveCfg = Debug|Any CPU
		{35FDD016-9AD0-47BF-A8E2-DA2D815E4F48}.Debug|Any CPU.Build.0 = Debug|Any CPU
		{35FDD016-9AD0-47BF-A8E2-DA2D815E4F48}.Release|Any CPU.ActiveCfg = Release|Any CPU
		{35FDD016-9AD0-47BF-A8E2-DA2D815E4F48}.Release|Any CPU.Build.0 = Release|Any CPU
	EndGlobalSection
	GlobalSection(SolutionProperties) = preSolution
		HideSolutionNode = FALSE
	EndGlobalSection
	GlobalSection(ExtensibilityGlobals) = postSolution
		SolutionGuid = {347C4FEC-979A-4681-B2B8-BEACB16B611A}
	EndGlobalSection
EndGlobal
